# This file is autogenerated, do not edit; changes may be undone by the next 'dep ensure'.


[[projects]]
  branch = "master"
  name = "github.com/andy-zhangtao/gogather"
  packages = ["zReflect"]
  revision = "2a97753ffb274c8d8f34d7bb0ce33b1871bf3745"

[[projects]]
  branch = "v2"
  name = "gopkg.in/mgo.v2"
  packages = [
    ".",
    "bson",
    "internal/json",
    "internal/sasl",
    "internal/scram"
  ]
  revision = "3f83fa5005286a7fe593b055f0d7771a7dce4655"

[solve-meta]
  analyzer-name = "dep"
  analyzer-version = 1
  inputs-digest = "048b9495916cdaf4f29e33bf625c63e02fab9cb0962c7e43f373b4c606676bda"
  solver-name = "gps-cdcl"
  solver-version = 1
