# This file is autogenerated, do not edit; changes may be undone by the next 'dep ensure'.


[[projects]]
  branch = "master"
  name = "github.com/andy-zhangtao/gogather"
  packages = ["zReflect"]
  revision = "7fae1d2588f34a27a891757ad476f2a201e0894e"

[[projects]]
  branch = "master"
  name = "github.com/globalsign/mgo"
  packages = [
    ".",
    "bson",
    "internal/json",
    "internal/sasl",
    "internal/scram"
  ]
  revision = "efe0945164a7e582241f37ae8983c075f8f2e870"

[[projects]]
  branch = "master"
  name = "github.com/lib/pq"
  packages = [
    ".",
    "oid"
  ]
  revision = "90697d60dd844d5ef6ff15135d0203f65d2f53b8"

[[projects]]
  name = "github.com/pelletier/go-toml"
  packages = ["."]
  revision = "acdc4509485b587f5e675510c4f2c63e90ff68a8"
  version = "v1.1.0"

[solve-meta]
  analyzer-name = "dep"
  analyzer-version = 1
  inputs-digest = "ae12df80a5d9e5321ea3e6f94e985d1eac26f24d7b2ddb2040076d372efbf6ee"
  solver-name = "gps-cdcl"
  solver-version = 1
